Microsoft Visual Studio Solution File, Format Version 12.00
# Visual Studio Version 17
VisualStudioVersion = 17.5.2.0
MinimumVisualStudioVersion = 10.0.40219.1
Project("{FAE04EC0-301F-11D3-BF4B-00C04F79EFBC}") = "Assignment_5", "Assignment_5.csproj", "{DE726736-531E-6A0A-C1D6-A67D32E288D6}"
EndProject
Global
	GlobalSection(SolutionConfigurationPlatforms) = preSolution
		Debug|Any CPU = Debug|Any CPU
		Release|Any CPU = Release|Any CPU
	EndGlobalSection
	GlobalSection(ProjectConfigurationPlatforms) = postSolution
		{DE726736-531E-6A0A-C1D6-A67D32E288D6}.Debug|Any CPU.ActiveCfg = Debug|Any CPU
		{DE726736-531E-6A0A-C1D6-A67D32E288D6}.Debug|Any CPU.Build.0 = Debug|Any CPU
		{DE726736-531E-6A0A-C1D6-A67D32E288D6}.Release|Any CPU.ActiveCfg = Release|Any CPU
		{DE726736-531E-6A0A-C1D6-A67D32E288D6}.Release|Any CPU.Build.0 = Release|Any CPU
	EndGlobalSection
	GlobalSection(SolutionProperties) = preSolution
		HideSolutionNode = FALSE
	EndGlobalSection
	GlobalSection(ExtensibilityGlobals) = postSolution
		SolutionGuid = {7FC53416-87D2-43BF-B58E-C8049263A835}
	EndGlobalSection
EndGlobal
